
Microsoft Visual Studio Solution File, Format Version 12.00
# Visual Studio Version 17
VisualStudioVersion = 17.9.34607.119
MinimumVisualStudioVersion = 10.0.40219.1
Project("{FAE04EC0-301F-11D3-BF4B-00C04F79EFBC}") = "ValueApp", "ValueApp\ValueApp.csproj", "{045A6173-EE67-4454-B95E-31176F20679B}"
EndProject
Global
	GlobalSection(SolutionConfigurationPlatforms) = preSolution
		Debug|Any CPU = Debug|Any CPU
		Release|Any CPU = Release|Any CPU
	EndGlobalSection
	GlobalSection(ProjectConfigurationPlatforms) = postSolution
		{045A6173-EE67-4454-B95E-31176F20679B}.Debug|Any CPU.ActiveCfg = Debug|Any CPU
		{045A6173-EE67-4454-B95E-31176F20679B}.Debug|Any CPU.Build.0 = Debug|Any CPU
		{045A6173-EE67-4454-B95E-31176F20679B}.Release|Any CPU.ActiveCfg = Release|Any CPU
		{045A6173-EE67-4454-B95E-31176F20679B}.Release|Any CPU.Build.0 = Release|Any CPU
	EndGlobalSection
	GlobalSection(SolutionProperties) = preSolution
		HideSolutionNode = FALSE
	EndGlobalSection
	GlobalSection(ExtensibilityGlobals) = postSolution
		SolutionGuid = {246FA573-9281-4AD9-932E-A9A5E2189B68}
	EndGlobalSection
EndGlobal
